# This file is autogenerated, do not edit; changes may be undone by the next 'dep ensure'.


[[projects]]
  branch = "master"
  name = "github.com/zserge/webview"
  packages = ["."]
  revision = "9f33a00f8c9e96eeef675d5db5c21ccb1940d497"

[solve-meta]
  analyzer-name = "dep"
  analyzer-version = 1
  inputs-digest = "eca7c7a3b94cc7f3eb39bf0902b841e3559bb29e8869386d912d9dba9143a82e"
  solver-name = "gps-cdcl"
  solver-version = 1
